
Microsoft Visual Studio Solution File, Format Version 12.00
# Visual Studio Version 16
VisualStudioVersion = 16.0.32228.343
MinimumVisualStudioVersion = 10.0.40219.1
Project("{FAE04EC0-301F-11D3-BF4B-00C04F79EFBC}") = "Task-4.1.18", "Task-4.1.18\Task-4.1.18.csproj", "{AA1E4B62-1912-439C-9A65-10BA0CBEB67F}"
EndProject
Global
	GlobalSection(SolutionConfigurationPlatforms) = preSolution
		Debug|Any CPU = Debug|Any CPU
		Release|Any CPU = Release|Any CPU
	EndGlobalSection
	GlobalSection(ProjectConfigurationPlatforms) = postSolution
		{AA1E4B62-1912-439C-9A65-10BA0CBEB67F}.Debug|Any CPU.ActiveCfg = Debug|Any CPU
		{AA1E4B62-1912-439C-9A65-10BA0CBEB67F}.Debug|Any CPU.Build.0 = Debug|Any CPU
		{AA1E4B62-1912-439C-9A65-10BA0CBEB67F}.Release|Any CPU.ActiveCfg = Release|Any CPU
		{AA1E4B62-1912-439C-9A65-10BA0CBEB67F}.Release|Any CPU.Build.0 = Release|Any CPU
	EndGlobalSection
	GlobalSection(SolutionProperties) = preSolution
		HideSolutionNode = FALSE
	EndGlobalSection
	GlobalSection(ExtensibilityGlobals) = postSolution
		SolutionGuid = {6AC99406-6F7E-42B1-B08A-A91C1C108855}
	EndGlobalSection
EndGlobal
